
Microsoft Visual Studio Solution File, Format Version 12.00
# Visual Studio Version 17
VisualStudioVersion = 17.0.32014.148
MinimumVisualStudioVersion = 10.0.40219.1
Project("{FAE04EC0-301F-11D3-BF4B-00C04F79EFBC}") = "CA220104", "CA220104.csproj", "{12B2C9BF-34B6-4115-8303-7078CDF066E4}"
EndProject
Global
	GlobalSection(SolutionConfigurationPlatforms) = preSolution
		Debug|Any CPU = Debug|Any CPU
		Release|Any CPU = Release|Any CPU
	EndGlobalSection
	GlobalSection(ProjectConfigurationPlatforms) = postSolution
		{12B2C9BF-34B6-4115-8303-7078CDF066E4}.Debug|Any CPU.ActiveCfg = Debug|Any CPU
		{12B2C9BF-34B6-4115-8303-7078CDF066E4}.Debug|Any CPU.Build.0 = Debug|Any CPU
		{12B2C9BF-34B6-4115-8303-7078CDF066E4}.Release|Any CPU.ActiveCfg = Release|Any CPU
		{12B2C9BF-34B6-4115-8303-7078CDF066E4}.Release|Any CPU.Build.0 = Release|Any CPU
	EndGlobalSection
	GlobalSection(SolutionProperties) = preSolution
		HideSolutionNode = FALSE
	EndGlobalSection
	GlobalSection(ExtensibilityGlobals) = postSolution
		SolutionGuid = {859E48C7-3D61-4607-BF8C-B4C4630BAE7E}
	EndGlobalSection
EndGlobal
